
Microsoft Visual Studio Solution File, Format Version 12.00
# Visual Studio Version 17
VisualStudioVersion = 17.10.34928.147
MinimumVisualStudioVersion = 10.0.40219.1
Project("{FAE04EC0-301F-11D3-BF4B-00C04F79EFBC}") = "SanBong", "SanBong\SanBong.csproj", "{E28CE8AA-69CB-43EC-9EE3-8A30E7AA5113}"
EndProject
Global
	GlobalSection(SolutionConfigurationPlatforms) = preSolution
		Debug|Any CPU = Debug|Any CPU
		Release|Any CPU = Release|Any CPU
	EndGlobalSection
	GlobalSection(ProjectConfigurationPlatforms) = postSolution
		{E28CE8AA-69CB-43EC-9EE3-8A30E7AA5113}.Debug|Any CPU.ActiveCfg = Debug|Any CPU
		{E28CE8AA-69CB-43EC-9EE3-8A30E7AA5113}.Debug|Any CPU.Build.0 = Debug|Any CPU
		{E28CE8AA-69CB-43EC-9EE3-8A30E7AA5113}.Release|Any CPU.ActiveCfg = Release|Any CPU
		{E28CE8AA-69CB-43EC-9EE3-8A30E7AA5113}.Release|Any CPU.Build.0 = Release|Any CPU
	EndGlobalSection
	GlobalSection(SolutionProperties) = preSolution
		HideSolutionNode = FALSE
	EndGlobalSection
	GlobalSection(ExtensibilityGlobals) = postSolution
		SolutionGuid = {4264A269-9083-417F-BEE8-6396C4E2CE21}
	EndGlobalSection
EndGlobal
